
Microsoft Visual Studio Solution File, Format Version 12.00
# Visual Studio Version 17
VisualStudioVersion = 17.13.35931.197 d17.13
MinimumVisualStudioVersion = 10.0.40219.1
Project("{FAE04EC0-301F-11D3-BF4B-00C04F79EFBC}") = "Gestion de informacion", "Gestion de informacion.csproj", "{69DB9E3B-B17E-4B86-8DB5-37EA55503F3F}"
EndProject
Global
	GlobalSection(SolutionConfigurationPlatforms) = preSolution
		Debug|Any CPU = Debug|Any CPU
		Release|Any CPU = Release|Any CPU
	EndGlobalSection
	GlobalSection(ProjectConfigurationPlatforms) = postSolution
		{69DB9E3B-B17E-4B86-8DB5-37EA55503F3F}.Debug|Any CPU.ActiveCfg = Debug|Any CPU
		{69DB9E3B-B17E-4B86-8DB5-37EA55503F3F}.Debug|Any CPU.Build.0 = Debug|Any CPU
		{69DB9E3B-B17E-4B86-8DB5-37EA55503F3F}.Release|Any CPU.ActiveCfg = Release|Any CPU
		{69DB9E3B-B17E-4B86-8DB5-37EA55503F3F}.Release|Any CPU.Build.0 = Release|Any CPU
	EndGlobalSection
	GlobalSection(SolutionProperties) = preSolution
		HideSolutionNode = FALSE
	EndGlobalSection
	GlobalSection(ExtensibilityGlobals) = postSolution
		SolutionGuid = {98ACA0D9-E4F3-41C3-8064-F0D38AFBD478}
	EndGlobalSection
EndGlobal
